{
  "name": "website_dev",
  "version": "0.1.0",
  "lockfileVersion": 1,
  "requires": true,
  "dependencies": {
    "buffer-from": {
      "version": "1.1.1",
      "resolved": "https://registry.npmjs.org/buffer-from/-/buffer-from-1.1.1.tgz",
      "integrity": "sha512-MQcXEUbCKtEo7bhqEs6560Hyd4XaovZlO/k9V3hjVUF/zwW7KBVdSK4gIt/bzwS9MbR5qob+F5jusZsb0YQK2A==",
      "dev": true
    },
    "commander": {
      "version": "2.17.1",
      "resolved": "https://registry.npmjs.org/commander/-/commander-2.17.1.tgz",
      "integrity": "sha512-wPMUt6FnH2yzG95SA6mzjQOEKUU3aLaDEmzs1ti+1E9h+CsrZghRlqEM/EJ4KscsQVG8uNN4uVreUeT8+drlgg==",
      "dev": true
    },
    "js-tokens": {
      "version": "4.0.0",
      "resolved": "https://registry.npmjs.org/js-tokens/-/js-tokens-4.0.0.tgz",
      "integrity": "sha512-RdJUflcE3cUzKiMqQgsCu06FPu9UdIJO0beYbPhHN4k6apgJtifcoCtT9bcxOpYBtpD2kCM6Sbzg4CausW/PKQ=="
    },
    "loose-envify": {
      "version": "1.4.0",
      "resolved": "https://registry.npmjs.org/loose-envify/-/loose-envify-1.4.0.tgz",
      "integrity": "sha512-lyuxPGr/Wfhrlem2CL/UcnUc1zcqKAImBDzukY7Y5F/yQiNdko6+fRLevlw1HgMySw7f611UIY408EtxRSoK3Q==",
      "requires": {
        "js-tokens": "^3.0.0 || ^4.0.0"
      }
    },
    "object-assign": {
      "version": "4.1.1",
      "resolved": "https://registry.npmjs.org/object-assign/-/object-assign-4.1.1.tgz",
      "integrity": "sha1-IQmtx5ZYh8/AXLvUQsrIv7s2CGM="
    },
    "prop-types": {
      "version": "15.7.2",
      "resolved": "https://registry.npmjs.org/prop-types/-/prop-types-15.7.2.tgz",
      "integrity": "sha512-8QQikdH7//R2vurIJSutZ1smHYTcLpRWEOlHnzcWHmBYrOGUysKwSsrC89BCiFj3CbrfJ/nXFdJepOVrY1GCHQ==",
      "requires": {
        "loose-envify": "^1.4.0",
        "object-assign": "^4.1.1",
        "react-is": "^16.8.1"
      }
    },
    "react": {
      "version": "16.8.6",
      "requires": {
        "loose-envify": "^1.1.0",
        "object-assign": "^4.1.1",
        "prop-types": "^15.6.2",
        "scheduler": "^0.13.6"
      }
    },
    "react-dom": {
      "version": "16.8.6",
      "requires": {
        "loose-envify": "^1.1.0",
        "object-assign": "^4.1.1",
        "prop-types": "^15.6.2",
        "scheduler": "^0.13.6"
      }
    },
    "react-is": {
      "version": "16.8.6",
      "resolved": "https://registry.npmjs.org/react-is/-/react-is-16.8.6.tgz",
      "integrity": "sha512-aUk3bHfZ2bRSVFFbbeVS4i+lNPZr3/WM5jT2J5omUVV1zzcs1nAaf3l51ctA5FFvCRbhrH0bdAsRRQddFJZPtA=="
    },
    "scheduler": {
      "version": "0.13.6",
      "resolved": "https://registry.npmjs.org/scheduler/-/scheduler-0.13.6.tgz",
      "integrity": "sha512-IWnObHt413ucAYKsD9J1QShUKkbKLQQHdxRyw73sw4FN26iWr3DY/H34xGPe4nmL1DwXyWmSWmMrA9TfQbE/XQ==",
      "requires": {
        "loose-envify": "^1.1.0",
        "object-assign": "^4.1.1"
      }
    },
    "source-map": {
      "version": "0.6.1",
      "resolved": "https://registry.npmjs.org/source-map/-/source-map-0.6.1.tgz",
      "integrity": "sha512-UjgapumWlbMhkBgzT7Ykc5YXUT46F0iKu8SGXq0bcwP5dz/h0Plj6enJqjz1Zbq2l5WaqYnrVbwWOWMyF3F47g==",
      "dev": true
    },
    "source-map-support": {
      "version": "0.5.12",
      "resolved": "https://registry.npmjs.org/source-map-support/-/source-map-support-0.5.12.tgz",
      "integrity": "sha512-4h2Pbvyy15EE02G+JOZpUCmqWJuqrs+sEkzewTm++BPi7Hvn/HwcqLAcNxYAyI0x13CpPPn+kMjl+hplXMHITQ==",
      "dev": true,
      "requires": {
        "buffer-from": "^1.0.0",
        "source-map": "^0.6.0"
      }
    },
    "terser": {
      "version": "3.14.1",
      "resolved": "https://registry.npmjs.org/terser/-/terser-3.14.1.tgz",
      "integrity": "sha512-NSo3E99QDbYSMeJaEk9YW2lTg3qS9V0aKGlb+PlOrei1X02r1wSBHCNX/O+yeTRFSWPKPIGj6MqvvdqV4rnVGw==",
      "dev": true,
      "requires": {
        "commander": "~2.17.1",
        "source-map": "~0.6.1",
        "source-map-support": "~0.5.6"
      }
    }
  }
}
